// !$*UTF8*$!
{
	archiveVersion = 1;
	classes = {
	};
	objectVersion = 46;
	objects = {

/* Begin PBXBuildFile section */
		65A7F4EC196A07380045AD24 /* Foundation.framework in Frameworks */ = {isa = PBXBuildFile; fileRef = 65A7F4EB196A07380045AD24 /* Foundation.framework */; };
		65A7F4EE196A07380045AD24 /* CoreGraphics.framework in Frameworks */ = {isa = PBXBuildFile; fileRef = 65A7F4ED196A07380045AD24 /* CoreGraphics.framework */; };
		65A7F4F0196A07380045AD24 /* UIKit.framework in Frameworks */ = {isa = PBXBuildFile; fileRef = 65A7F4EF196A07380045AD24 /* UIKit.framework */; };
		65A7F4F6196A07380045AD24 /* InfoPlist.strings in Resources */ = {isa = PBXBuildFile; fileRef = 65A7F4F4196A07380045AD24 /* InfoPlist.strings */; };
		65A7F4F8196A07380045AD24 /* main.m in Sources */ = {isa = PBXBuildFile; fileRef = 65A7F4F7196A07380045AD24 /* main.m */; };
		65A7F4FC196A07380045AD24 /* AttributorAppDelegate.m in Sources */ = {isa = PBXBuildFile; fileRef = 65A7F4FB196A07380045AD24 /* AttributorAppDelegate.m */; };
		65A7F4FF196A07380045AD24 /* Main.storyboard in Resources */ = {isa = PBXBuildFile; fileRef = 65A7F4FD196A07380045AD24 /* Main.storyboard */; };
		65A7F502196A07380045AD24 /* AttributorViewController.m in Sources */ = {isa = PBXBuildFile; fileRef = 65A7F501196A07380045AD24 /* AttributorViewController.m */; };
		65A7F504196A07380045AD24 /* Images.xcassets in Resources */ = {isa = PBXBuildFile; fileRef = 65A7F503196A07380045AD24 /* Images.xcassets */; };
		65A7F50B196A07380045AD24 /* XCTest.framework in Frameworks */ = {isa = PBXBuildFile; fileRef = 65A7F50A196A07380045AD24 /* XCTest.framework */; };
		65A7F50C196A07380045AD24 /* Foundation.framework in Frameworks */ = {isa = PBXBuildFile; fileRef = 65A7F4EB196A07380045AD24 /* Foundation.framework */; };
		65A7F50D196A07380045AD24 /* UIKit.framework in Frameworks */ = {isa = PBXBuildFile; fileRef = 65A7F4EF196A07380045AD24 /* UIKit.framework */; };
		65A7F515196A07380045AD24 /* InfoPlist.strings in Resources */ = {isa = PBXBuildFile; fileRef = 65A7F513196A07380045AD24 /* InfoPlist.strings */; };
		65A7F517196A07380045AD24 /* AttributorTests.m in Sources */ = {isa = PBXBuildFile; fileRef = 65A7F516196A07380045AD24 /* AttributorTests.m */; };
/* End PBXBuildFile section */

/* Begin PBXContainerItemProxy section */
		65A7F50E196A07380045AD24 /* PBXContainerItemProxy */ = {
			isa = PBXContainerItemProxy;
			containerPortal = 65A7F4E0196A07380045AD24 /* Project object */;
			proxyType = 1;
			remoteGlobalIDString = 65A7F4E7196A07380045AD24;
			remoteInfo = Attributor;
		};
/* End PBXContainerItemProxy section */

/* Begin PBXFileReference section */
		65A7F4E8196A07380045AD24 /* Attributor.app */ = {isa = PBXFileReference; explicitFileType = wrapper.application; includeInIndex = 0; path = Attributor.app; sourceTree = BUILT_PRODUCTS_DIR; };
		65A7F4EB196A07380045AD24 /* Foundation.framework */ = {isa = PBXFileReference; lastKnownFileType = wrapper.framework; name = Foundation.framework; path = System/Library/Frameworks/Foundation.framework; sourceTree = SDKROOT; };
		65A7F4ED196A07380045AD24 /* CoreGraphics.framework */ = {isa = PBXFileReference; lastKnownFileType = wrapper.framework; name = CoreGraphics.framework; path = System/Library/Frameworks/CoreGraphics.framework; sourceTree = SDKROOT; };
		65A7F4EF196A07380045AD24 /* UIKit.framework */ = {isa = PBXFileReference; lastKnownFileType = wrapper.framework; name = UIKit.framework; path = System/Library/Frameworks/UIKit.framework; sourceTree = SDKROOT; };
		65A7F4F3196A07380045AD24 /* Attributor-Info.plist */ = {isa = PBXFileReference; lastKnownFileType = text.plist.xml; path = "Attributor-Info.plist"; sourceTree = "<group>"; };
		65A7F4F5196A07380045AD24 /* en */ = {isa = PBXFileReference; lastKnownFileType = text.plist.strings; name = en; path = en.lproj/InfoPlist.strings; sourceTree = "<group>"; };
		65A7F4F7196A07380045AD24 /* main.m */ = {isa = PBXFileReference; lastKnownFileType = sourcecode.c.objc; path = main.m; sourceTree = "<group>"; };
		65A7F4F9196A07380045AD24 /* Attributor-Prefix.pch */ = {isa = PBXFileReference; lastKnownFileType = sourcecode.c.h; path = "Attributor-Prefix.pch"; sourceTree = "<group>"; };
		65A7F4FA196A07380045AD24 /* AttributorAppDelegate.h */ = {isa = PBXFileReference; lastKnownFileType = sourcecode.c.h; path = AttributorAppDelegate.h; sourceTree = "<group>"; };
		65A7F4FB196A07380045AD24 /* AttributorAppDelegate.m */ = {isa = PBXFileReference; lastKnownFileType = sourcecode.c.objc; path = AttributorAppDelegate.m; sourceTree = "<group>"; };
		65A7F4FE196A07380045AD24 /* Base */ = {isa = PBXFileReference; lastKnownFileType = file.storyboard; name = Base; path = Base.lproj/Main.storyboard; sourceTree = "<group>"; };
		65A7F500196A07380045AD24 /* AttributorViewController.h */ = {isa = PBXFileReference; lastKnownFileType = sourcecode.c.h; path = AttributorViewController.h; sourceTree = "<group>"; };
		65A7F501196A07380045AD24 /* AttributorViewController.m */ = {isa = PBXFileReference; lastKnownFileType = sourcecode.c.objc; path = AttributorViewController.m; sourceTree = "<group>"; };
		65A7F503196A07380045AD24 /* Images.xcassets */ = {isa = PBXFileReference; lastKnownFileType = folder.assetcatalog; path = Images.xcassets; sourceTree = "<group>"; };
		65A7F509196A07380045AD24 /* AttributorTests.xctest */ = {isa = PBXFileReference; explicitFileType = wrapper.cfbundle; includeInIndex = 0; path = AttributorTests.xctest; sourceTree = BUILT_PRODUCTS_DIR; };
		65A7F50A196A07380045AD24 /* XCTest.framework */ = {isa = PBXFileReference; lastKnownFileType = wrapper.framework; name = XCTest.framework; path = Library/Frameworks/XCTest.framework; sourceTree = DEVELOPER_DIR; };
		65A7F512196A07380045AD24 /* AttributorTests-Info.plist */ = {isa = PBXFileReference; lastKnownFileType = text.plist.xml; path = "AttributorTests-Info.plist"; sourceTree = "<group>"; };
		65A7F514196A07380045AD24 /* en */ = {isa = PBXFileReference; lastKnownFileType = text.plist.strings; name = en; path = en.lproj/InfoPlist.strings; sourceTree = "<group>"; };
		65A7F516196A07380045AD24 /* AttributorTests.m */ = {isa = PBXFileReference; lastKnownFileType = sourcecode.c.objc; path = AttributorTests.m; sourceTree = "<group>"; };
/* End PBXFileReference section */

/* Begin PBXFrameworksBuildPhase section */
		65A7F4E5196A07380045AD24 /* Frameworks */ = {
			isa = PBXFrameworksBuildPhase;
			buildActionMask = 2147483647;
			files = (
				65A7F4EE196A07380045AD24 /* CoreGraphics.framework in Frameworks */,
				65A7F4F0196A07380045AD24 /* UIKit.framework in Frameworks */,
				65A7F4EC196A07380045AD24 /* Foundation.framework in Frameworks */,
			);
			runOnlyForDeploymentPostprocessing = 0;
		};
		65A7F506196A07380045AD24 /* Frameworks */ = {
			isa = PBXFrameworksBuildPhase;
			buildActionMask = 2147483647;
			files = (
				65A7F50B196A07380045AD24 /* XCTest.framework in Frameworks */,
				65A7F50D196A07380045AD24 /* UIKit.framework in Frameworks */,
				65A7F50C196A07380045AD24 /* Foundation.framework in Frameworks */,
			);
			runOnlyForDeploymentPostprocessing = 0;
		};
/* End PBXFrameworksBuildPhase section */

/* Begin PBXGroup section */
		65A7F4DF196A07380045AD24 = {
			isa = PBXGroup;
			children = (
				65A7F4F1196A07380045AD24 /* Attributor */,
				65A7F510196A07380045AD24 /* AttributorTests */,
				65A7F4EA196A07380045AD24 /* Frameworks */,
				65A7F4E9196A07380045AD24 /* Products */,
			);
			sourceTree = "<group>";
		};
		65A7F4E9196A07380045AD24 /* Products */ = {
			isa = PBXGroup;
			children = (
				65A7F4E8196A07380045AD24 /* Attributor.app */,
				65A7F509196A07380045AD24 /* AttributorTests.xctest */,
			);
			name = Products;
			sourceTree = "<group>";
		};
		65A7F4EA196A07380045AD24 /* Frameworks */ = {
			isa = PBXGroup;
			children = (
				65A7F4EB196A07380045AD24 /* Foundation.framework */,
				65A7F4ED196A07380045AD24 /* CoreGraphics.framework */,
				65A7F4EF196A07380045AD24 /* UIKit.framework */,
				65A7F50A196A07380045AD24 /* XCTest.framework */,
			);
			name = Frameworks;
			sourceTree = "<group>";
		};
		65A7F4F1196A07380045AD24 /* Attributor */ = {
			isa = PBXGroup;
			children = (
				65A7F4FD196A07380045AD24 /* Main.storyboard */,
				65A7F500196A07380045AD24 /* AttributorViewController.h */,
				65A7F501196A07380045AD24 /* AttributorViewController.m */,
				65A7F503196A07380045AD24 /* Images.xcassets */,
				65A7F4F2196A07380045AD24 /* Supporting Files */,
			);
			path = Attributor;
			sourceTree = "<group>";
		};
		65A7F4F2196A07380045AD24 /* Supporting Files */ = {
			isa = PBXGroup;
			children = (
				65A7F4FA196A07380045AD24 /* AttributorAppDelegate.h */,
				65A7F4FB196A07380045AD24 /* AttributorAppDelegate.m */,
				65A7F4F3196A07380045AD24 /* Attributor-Info.plist */,
				65A7F4F4196A07380045AD24 /* InfoPlist.strings */,
				65A7F4F7196A07380045AD24 /* main.m */,
				65A7F4F9196A07380045AD24 /* Attributor-Prefix.pch */,
			);
			name = "Supporting Files";
			sourceTree = "<group>";
		};
		65A7F510196A07380045AD24 /* AttributorTests */ = {
			isa = PBXGroup;
			children = (
				65A7F516196A07380045AD24 /* AttributorTests.m */,
				65A7F511196A07380045AD24 /* Supporting Files */,
			);
			path = AttributorTests;
			sourceTree = "<group>";
		};
		65A7F511196A07380045AD24 /* Supporting Files */ = {
			isa = PBXGroup;
			children = (
				65A7F512196A07380045AD24 /* AttributorTests-Info.plist */,
				65A7F513196A07380045AD24 /* InfoPlist.strings */,
			);
			name = "Supporting Files";
			sourceTree = "<group>";
		};
/* End PBXGroup section */

/* Begin PBXNativeTarget section */
		65A7F4E7196A07380045AD24 /* Attributor */ = {
			isa = PBXNativeTarget;
			buildConfigurationList = 65A7F51A196A07380045AD24 /* Build configuration list for PBXNativeTarget "Attributor" */;
			buildPhases = (
				65A7F4E4196A07380045AD24 /* Sources */,
				65A7F4E5196A07380045AD24 /* Frameworks */,
				65A7F4E6196A07380045AD24 /* Resources */,
			);
			buildRules = (
			);
			dependencies = (
			);
			name = Attributor;
			productName = Attributor;
			productReference = 65A7F4E8196A07380045AD24 /* Attributor.app */;
			productType = "com.apple.product-type.application";
		};
		65A7F508196A07380045AD24 /* AttributorTests */ = {
			isa = PBXNativeTarget;
			buildConfigurationList = 65A7F51D196A07380045AD24 /* Build configuration list for PBXNativeTarget "AttributorTests" */;
			buildPhases = (
				65A7F505196A07380045AD24 /* Sources */,
				65A7F506196A07380045AD24 /* Frameworks */,
				65A7F507196A07380045AD24 /* Resources */,
			);
			buildRules = (
			);
			dependencies = (
				65A7F50F196A07380045AD24 /* PBXTargetDependency */,
			);
			name = AttributorTests;
			productName = AttributorTests;
			productReference = 65A7F509196A07380045AD24 /* AttributorTests.xctest */;
			productType = "com.apple.product-type.bundle.unit-test";
		};
/* End PBXNativeTarget section */

/* Begin PBXProject section */
		65A7F4E0196A07380045AD24 /* Project object */ = {
			isa = PBXProject;
			attributes = {
				CLASSPREFIX = Attributor;
				LastUpgradeCheck = 0510;
				ORGANIZATIONNAME = "Standford University";
				TargetAttributes = {
					65A7F508196A07380045AD24 = {
						TestTargetID = 65A7F4E7196A07380045AD24;
					};
				};
			};
			buildConfigurationList = 65A7F4E3196A07380045AD24 /* Build configuration list for PBXProject "Attributor" */;
			compatibilityVersion = "Xcode 3.2";
			developmentRegion = English;
			hasScannedForEncodings = 0;
			knownRegions = (
				en,
				Base,
			);
			mainGroup = 65A7F4DF196A07380045AD24;
			productRefGroup = 65A7F4E9196A07380045AD24 /* Products */;
			projectDirPath = "";
			projectRoot = "";
			targets = (
				65A7F4E7196A07380045AD24 /* Attributor */,
				65A7F508196A07380045AD24 /* AttributorTests */,
			);
		};
/* End PBXProject section */

/* Begin PBXResourcesBuildPhase section */
		65A7F4E6196A07380045AD24 /* Resources */ = {
			isa = PBXResourcesBuildPhase;
			buildActionMask = 2147483647;
			files = (
				65A7F504196A07380045AD24 /* Images.xcassets in Resources */,
				65A7F4F6196A07380045AD24 /* InfoPlist.strings in Resources */,
				65A7F4FF196A07380045AD24 /* Main.storyboard in Resources */,
			);
			runOnlyForDeploymentPostprocessing = 0;
		};
		65A7F507196A07380045AD24 /* Resources */ = {
			isa = PBXResourcesBuildPhase;
			buildActionMask = 2147483647;
			files = (
				65A7F515196A07380045AD24 /* InfoPlist.strings in Resources */,
			);
			runOnlyForDeploymentPostprocessing = 0;
		};
/* End PBXResourcesBuildPhase section */

/* Begin PBXSourcesBuildPhase section */
		65A7F4E4196A07380045AD24 /* Sources */ = {
			isa = PBXSourcesBuildPhase;
			buildActionMask = 2147483647;
			files = (
				65A7F4FC196A07380045AD24 /* AttributorAppDelegate.m in Sources */,
				65A7F502196A07380045AD24 /* AttributorViewController.m in Sources */,
				65A7F4F8196A07380045AD24 /* main.m in Sources */,
			);
			runOnlyForDeploymentPostprocessing = 0;
		};
		65A7F505196A07380045AD24 /* Sources */ = {
			isa = PBXSourcesBuildPhase;
			buildActionMask = 2147483647;
			files = (
				65A7F517196A07380045AD24 /* AttributorTests.m in Sources */,
			);
			runOnlyForDeploymentPostprocessing = 0;
		};
/* End PBXSourcesBuildPhase section */

/* Begin PBXTargetDependency section */
		65A7F50F196A07380045AD24 /* PBXTargetDependency */ = {
			isa = PBXTargetDependency;
			target = 65A7F4E7196A07380045AD24 /* Attributor */;
			targetProxy = 65A7F50E196A07380045AD24 /* PBXContainerItemProxy */;
		};
/* End PBXTargetDependency section */

/* Begin PBXVariantGroup section */
		65A7F4F4196A07380045AD24 /* InfoPlist.strings */ = {
			isa = PBXVariantGroup;
			children = (
				65A7F4F5196A07380045AD24 /* en */,
			);
			name = InfoPlist.strings;
			sourceTree = "<group>";
		};
		65A7F4FD196A07380045AD24 /* Main.storyboard */ = {
			isa = PBXVariantGroup;
			children = (
				65A7F4FE196A07380045AD24 /* Base */,
			);
			name = Main.storyboard;
			sourceTree = "<group>";
		};
		65A7F513196A07380045AD24 /* InfoPlist.strings */ = {
			isa = PBXVariantGroup;
			children = (
				65A7F514196A07380045AD24 /* en */,
			);
			name = InfoPlist.strings;
			sourceTree = "<group>";
		};
/* End PBXVariantGroup section */

/* Begin XCBuildConfiguration section */
		65A7F518196A07380045AD24 /* Debug */ = {
			isa = XCBuildConfiguration;
			buildSettings = {
				ALWAYS_SEARCH_USER_PATHS = NO;
				CLANG_CXX_LANGUAGE_STANDARD = "gnu++0x";
				CLANG_CXX_LIBRARY = "libc++";
				CLANG_ENABLE_MODULES = YES;
				CLANG_ENABLE_OBJC_ARC = YES;
				CLANG_WARN_BOOL_CONVERSION = YES;
				CLANG_WARN_CONSTANT_CONVERSION = YES;
				CLANG_WARN_DIRECT_OBJC_ISA_USAGE = YES_ERROR;
				CLANG_WARN_EMPTY_BODY = YES;
				CLANG_WARN_ENUM_CONVERSION = YES;
				CLANG_WARN_INT_CONVERSION = YES;
				CLANG_WARN_OBJC_ROOT_CLASS = YES_ERROR;
				CLANG_WARN__DUPLICATE_METHOD_MATCH = YES;
				"CODE_SIGN_IDENTITY[sdk=iphoneos*]" = "iPhone Developer";
				COPY_PHASE_STRIP = NO;
				GCC_C_LANGUAGE_STANDARD = gnu99;
				GCC_DYNAMIC_NO_PIC = NO;
				GCC_OPTIMIZATION_LEVEL = 0;
				GCC_PREPROCESSOR_DEFINITIONS = (
					"DEBUG=1",
					"$(inherited)",
				);
				GCC_SYMBOLS_PRIVATE_EXTERN = NO;
				GCC_WARN_64_TO_32_BIT_CONVERSION = YES;
				GCC_WARN_ABOUT_RETURN_TYPE = YES_ERROR;
				GCC_WARN_UNDECLARED_SELECTOR = YES;
				GCC_WARN_UNINITIALIZED_AUTOS = YES_AGGRESSIVE;
				GCC_WARN_UNUSED_FUNCTION = YES;
				GCC_WARN_UNUSED_VARIABLE = YES;
				IPHONEOS_DEPLOYMENT_TARGET = 7.1;
				ONLY_ACTIVE_ARCH = YES;
				SDKROOT = iphoneos;
			};
			name = Debug;
		};
		65A7F519196A07380045AD24 /* Release */ = {
			isa = XCBuildConfiguration;
			buildSettings = {
				ALWAYS_SEARCH_USER_PATHS = NO;
				CLANG_CXX_LANGUAGE_STANDARD = "gnu++0x";
				CLANG_CXX_LIBRARY = "libc++";
				CLANG_ENABLE_MODULES = YES;
				CLANG_ENABLE_OBJC_ARC = YES;
				CLANG_WARN_BOOL_CONVERSION = YES;
				CLANG_WARN_CONSTANT_CONVERSION = YES;
				CLANG_WARN_DIRECT_OBJC_ISA_USAGE = YES_ERROR;
				CLANG_WARN_EMPTY_BODY = YES;
				CLANG_WARN_ENUM_CONVERSION = YES;
				CLANG_WARN_INT_CONVERSION = YES;
				CLANG_WARN_OBJC_ROOT_CLASS = YES_ERROR;
				CLANG_WARN__DUPLICATE_METHOD_MATCH = YES;
				"CODE_SIGN_IDENTITY[sdk=iphoneos*]" = "iPhone Developer";
				COPY_PHASE_STRIP = YES;
				ENABLE_NS_ASSERTIONS = NO;
				GCC_C_LANGUAGE_STANDARD = gnu99;
				GCC_WARN_64_TO_32_BIT_CONVERSION = YES;
				GCC_WARN_ABOUT_RETURN_TYPE = YES_ERROR;
				GCC_WARN_UNDECLARED_SELECTOR = YES;
				GCC_WARN_UNINITIALIZED_AUTOS = YES_AGGRESSIVE;
				GCC_WARN_UNUSED_FUNCTION = YES;
				GCC_WARN_UNUSED_VARIABLE = YES;
				IPHONEOS_DEPLOYMENT_TARGET = 7.1;
				SDKROOT = iphoneos;
				VALIDATE_PRODUCT = YES;
			};
			name = Release;
		};
		65A7F51B196A07380045AD24 /* Debug */ = {
			isa = XCBuildConfiguration;
			buildSettings = {
				ASSETCATALOG_COMPILER_APPICON_NAME = AppIcon;
				ASSETCATALOG_COMPILER_LAUNCHIMAGE_NAME = LaunchImage;
				GCC_PRECOMPILE_PREFIX_HEADER = YES;
				GCC_PREFIX_HEADER = "Attributor/Attributor-Prefix.pch";
				INFOPLIST_FILE = "Attributor/Attributor-Info.plist";
				PRODUCT_NAME = "$(TARGET_NAME)";
				WRAPPER_EXTENSION = app;
			};
			name = Debug;
		};
		65A7F51C196A07380045AD24 /* Release */ = {
			isa = XCBuildConfiguration;
			buildSettings = {
				ASSETCATALOG_COMPILER_APPICON_NAME = AppIcon;
				ASSETCATALOG_COMPILER_LAUNCHIMAGE_NAME = LaunchImage;
				GCC_PRECOMPILE_PREFIX_HEADER = YES;
				GCC_PREFIX_HEADER = "Attributor/Attributor-Prefix.pch";
				INFOPLIST_FILE = "Attributor/Attributor-Info.plist";
				PRODUCT_NAME = "$(TARGET_NAME)";
				WRAPPER_EXTENSION = app;
			};
			name = Release;
		};
		65A7F51E196A07380045AD24 /* Debug */ = {
			isa = XCBuildConfiguration;
			buildSettings = {
				BUNDLE_LOADER = "$(BUILT_PRODUCTS_DIR)/Attributor.app/Attributor";
				FRAMEWORK_SEARCH_PATHS = (
					"$(SDKROOT)/Developer/Library/Frameworks",
					"$(inherited)",
					"$(DEVELOPER_FRAMEWORKS_DIR)",
				);
				GCC_PRECOMPILE_PREFIX_HEADER = YES;
				GCC_PREFIX_HEADER = "Attributor/Attributor-Prefix.pch";
				GCC_PREPROCESSOR_DEFINITIONS = (
					"DEBUG=1",
					"$(inherited)",
				);
				INFOPLIST_FILE = "AttributorTests/AttributorTests-Info.plist";
				PRODUCT_NAME = "$(TARGET_NAME)";
				TEST_HOST = "$(BUNDLE_LOADER)";
				WRAPPER_EXTENSION = xctest;
			};
			name = Debug;
		};
		65A7F51F196A07380045AD24 /* Release */ = {
			isa = XCBuildConfiguration;
			buildSettings = {
				BUNDLE_LOADER = "$(BUILT_PRODUCTS_DIR)/Attributor.app/Attributor";
				FRAMEWORK_SEARCH_PATHS = (
					"$(SDKROOT)/Developer/Library/Frameworks",
					"$(inherited)",
					"$(DEVELOPER_FRAMEWORKS_DIR)",
				);
				GCC_PRECOMPILE_PREFIX_HEADER = YES;
				GCC_PREFIX_HEADER = "Attributor/Attributor-Prefix.pch";
				INFOPLIST_FILE = "AttributorTests/AttributorTests-Info.plist";
				PRODUCT_NAME = "$(TARGET_NAME)";
				TEST_HOST = "$(BUNDLE_LOADER)";
				WRAPPER_EXTENSION = xctest;
			};
			name = Release;
		};
/* End XCBuildConfiguration section */

/* Begin XCConfigurationList section */
		65A7F4E3196A07380045AD24 /* Build configuration list for PBXProject "Attributor" */ = {
			isa = XCConfigurationList;
			buildConfigurations = (
				65A7F518196A07380045AD24 /* Debug */,
				65A7F519196A07380045AD24 /* Release */,
			);
			defaultConfigurationIsVisible = 0;
			defaultConfigurationName = Release;
		};
		65A7F51A196A07380045AD24 /* Build configuration list for PBXNativeTarget "Attributor" */ = {
			isa = XCConfigurationList;
			buildConfigurations = (
				65A7F51B196A07380045AD24 /* Debug */,
				65A7F51C196A07380045AD24 /* Release */,
			);
			defaultConfigurationIsVisible = 0;
		};
		65A7F51D196A07380045AD24 /* Build configuration list for PBXNativeTarget "AttributorTests" */ = {
			isa = XCConfigurationList;
			buildConfigurations = (
				65A7F51E196A07380045AD24 /* Debug */,
				65A7F51F196A07380045AD24 /* Release */,
			);
			defaultConfigurationIsVisible = 0;
		};
/* End XCConfigurationList section */
	};
	rootObject = 65A7F4E0196A07380045AD24 /* Project object */;
}
